
Microsoft Visual Studio Solution File, Format Version 12.00
# Visual Studio Version 17
VisualStudioVersion = 17.6.33815.320
MinimumVisualStudioVersion = 10.0.40219.1
Project("{FAE04EC0-301F-11D3-BF4B-00C04F79EFBC}") = "BackgroundServiceSample.Android", "BackgroundServiceSample\BackgroundServiceSample.Android\BackgroundServiceSample.Android.csproj", "{0DE0FA5A-55FE-46E6-9666-7E5A3BCB5605}"
EndProject
Project("{FAE04EC0-301F-11D3-BF4B-00C04F79EFBC}") = "BackgroundServiceSample.iOS", "BackgroundServiceSample\BackgroundServiceSample.iOS\BackgroundServiceSample.iOS.csproj", "{4118497A-2C7C-4293-98F4-99F8123F45E5}"
EndProject
Project("{FAE04EC0-301F-11D3-BF4B-00C04F79EFBC}") = "BackgroundServiceSample", "BackgroundServiceSample\BackgroundServiceSample\BackgroundServiceSample.csproj", "{C96B8230-A8AB-4B3B-87A1-D4EC3E06503C}"
EndProject
Global
	GlobalSection(SolutionConfigurationPlatforms) = preSolution
		Debug|Any CPU = Debug|Any CPU
		Debug|iPhone = Debug|iPhone
		Debug|iPhoneSimulator = Debug|iPhoneSimulator
		Release|Any CPU = Release|Any CPU
		Release|iPhone = Release|iPhone
		Release|iPhoneSimulator = Release|iPhoneSimulator
	EndGlobalSection
	GlobalSection(ProjectConfigurationPlatforms) = postSolution
		{0DE0FA5A-55FE-46E6-9666-7E5A3BCB5605}.Debug|Any CPU.ActiveCfg = Debug|Any CPU
		{0DE0FA5A-55FE-46E6-9666-7E5A3BCB5605}.Debug|Any CPU.Build.0 = Debug|Any CPU
		{0DE0FA5A-55FE-46E6-9666-7E5A3BCB5605}.Debug|Any CPU.Deploy.0 = Debug|Any CPU
		{0DE0FA5A-55FE-46E6-9666-7E5A3BCB5605}.Debug|iPhone.ActiveCfg = Debug|Any CPU
		{0DE0FA5A-55FE-46E6-9666-7E5A3BCB5605}.Debug|iPhone.Build.0 = Debug|Any CPU
		{0DE0FA5A-55FE-46E6-9666-7E5A3BCB5605}.Debug|iPhone.Deploy.0 = Debug|Any CPU
		{0DE0FA5A-55FE-46E6-9666-7E5A3BCB5605}.Debug|iPhoneSimulator.ActiveCfg = Debug|Any CPU
		{0DE0FA5A-55FE-46E6-9666-7E5A3BCB5605}.Debug|iPhoneSimulator.Build.0 = Debug|Any CPU
		{0DE0FA5A-55FE-46E6-9666-7E5A3BCB5605}.Debug|iPhoneSimulator.Deploy.0 = Debug|Any CPU
		{0DE0FA5A-55FE-46E6-9666-7E5A3BCB5605}.Release|Any CPU.ActiveCfg = Release|Any CPU
		{0DE0FA5A-55FE-46E6-9666-7E5A3BCB5605}.Release|Any CPU.Build.0 = Release|Any CPU
		{0DE0FA5A-55FE-46E6-9666-7E5A3BCB5605}.Release|Any CPU.Deploy.0 = Release|Any CPU
		{0DE0FA5A-55FE-46E6-9666-7E5A3BCB5605}.Release|iPhone.ActiveCfg = Release|Any CPU
		{0DE0FA5A-55FE-46E6-9666-7E5A3BCB5605}.Release|iPhone.Build.0 = Release|Any CPU
		{0DE0FA5A-55FE-46E6-9666-7E5A3BCB5605}.Release|iPhone.Deploy.0 = Release|Any CPU
		{0DE0FA5A-55FE-46E6-9666-7E5A3BCB5605}.Release|iPhoneSimulator.ActiveCfg = Release|Any CPU
		{0DE0FA5A-55FE-46E6-9666-7E5A3BCB5605}.Release|iPhoneSimulator.Build.0 = Release|Any CPU
		{0DE0FA5A-55FE-46E6-9666-7E5A3BCB5605}.Release|iPhoneSimulator.Deploy.0 = Release|Any CPU
		{4118497A-2C7C-4293-98F4-99F8123F45E5}.Debug|Any CPU.ActiveCfg = Debug|iPhone
		{4118497A-2C7C-4293-98F4-99F8123F45E5}.Debug|Any CPU.Build.0 = Debug|iPhone
		{4118497A-2C7C-4293-98F4-99F8123F45E5}.Debug|Any CPU.Deploy.0 = Debug|iPhone
		{4118497A-2C7C-4293-98F4-99F8123F45E5}.Debug|iPhone.ActiveCfg = Debug|iPhone
		{4118497A-2C7C-4293-98F4-99F8123F45E5}.Debug|iPhone.Build.0 = Debug|iPhone
		{4118497A-2C7C-4293-98F4-99F8123F45E5}.Debug|iPhone.Deploy.0 = Debug|iPhone
		{4118497A-2C7C-4293-98F4-99F8123F45E5}.Debug|iPhoneSimulator.ActiveCfg = Debug|iPhoneSimulator
		{4118497A-2C7C-4293-98F4-99F8123F45E5}.Debug|iPhoneSimulator.Build.0 = Debug|iPhoneSimulator
		{4118497A-2C7C-4293-98F4-99F8123F45E5}.Debug|iPhoneSimulator.Deploy.0 = Debug|iPhoneSimulator
		{4118497A-2C7C-4293-98F4-99F8123F45E5}.Release|Any CPU.ActiveCfg = Release|iPhoneSimulator
		{4118497A-2C7C-4293-98F4-99F8123F45E5}.Release|Any CPU.Build.0 = Release|iPhoneSimulator
		{4118497A-2C7C-4293-98F4-99F8123F45E5}.Release|Any CPU.Deploy.0 = Release|iPhoneSimulator
		{4118497A-2C7C-4293-98F4-99F8123F45E5}.Release|iPhone.ActiveCfg = Release|iPhone
		{4118497A-2C7C-4293-98F4-99F8123F45E5}.Release|iPhone.Build.0 = Release|iPhone
		{4118497A-2C7C-4293-98F4-99F8123F45E5}.Release|iPhone.Deploy.0 = Release|iPhone
		{4118497A-2C7C-4293-98F4-99F8123F45E5}.Release|iPhoneSimulator.ActiveCfg = Release|iPhoneSimulator
		{4118497A-2C7C-4293-98F4-99F8123F45E5}.Release|iPhoneSimulator.Build.0 = Release|iPhoneSimulator
		{4118497A-2C7C-4293-98F4-99F8123F45E5}.Release|iPhoneSimulator.Deploy.0 = Release|iPhoneSimulator
		{C96B8230-A8AB-4B3B-87A1-D4EC3E06503C}.Debug|Any CPU.ActiveCfg = Debug|Any CPU
		{C96B8230-A8AB-4B3B-87A1-D4EC3E06503C}.Debug|Any CPU.Build.0 = Debug|Any CPU
		{C96B8230-A8AB-4B3B-87A1-D4EC3E06503C}.Debug|Any CPU.Deploy.0 = Debug|Any CPU
		{C96B8230-A8AB-4B3B-87A1-D4EC3E06503C}.Debug|iPhone.ActiveCfg = Debug|Any CPU
		{C96B8230-A8AB-4B3B-87A1-D4EC3E06503C}.Debug|iPhone.Build.0 = Debug|Any CPU
		{C96B8230-A8AB-4B3B-87A1-D4EC3E06503C}.Debug|iPhone.Deploy.0 = Debug|Any CPU
		{C96B8230-A8AB-4B3B-87A1-D4EC3E06503C}.Debug|iPhoneSimulator.ActiveCfg = Debug|Any CPU
		{C96B8230-A8AB-4B3B-87A1-D4EC3E06503C}.Debug|iPhoneSimulator.Build.0 = Debug|Any CPU
		{C96B8230-A8AB-4B3B-87A1-D4EC3E06503C}.Debug|iPhoneSimulator.Deploy.0 = Debug|Any CPU
		{C96B8230-A8AB-4B3B-87A1-D4EC3E06503C}.Release|Any CPU.ActiveCfg = Release|Any CPU
		{C96B8230-A8AB-4B3B-87A1-D4EC3E06503C}.Release|Any CPU.Build.0 = Release|Any CPU
		{C96B8230-A8AB-4B3B-87A1-D4EC3E06503C}.Release|Any CPU.Deploy.0 = Release|Any CPU
		{C96B8230-A8AB-4B3B-87A1-D4EC3E06503C}.Release|iPhone.ActiveCfg = Release|Any CPU
		{C96B8230-A8AB-4B3B-87A1-D4EC3E06503C}.Release|iPhone.Build.0 = Release|Any CPU
		{C96B8230-A8AB-4B3B-87A1-D4EC3E06503C}.Release|iPhone.Deploy.0 = Release|Any CPU
		{C96B8230-A8AB-4B3B-87A1-D4EC3E06503C}.Release|iPhoneSimulator.ActiveCfg = Release|Any CPU
		{C96B8230-A8AB-4B3B-87A1-D4EC3E06503C}.Release|iPhoneSimulator.Build.0 = Release|Any CPU
		{C96B8230-A8AB-4B3B-87A1-D4EC3E06503C}.Release|iPhoneSimulator.Deploy.0 = Release|Any CPU
	EndGlobalSection
	GlobalSection(SolutionProperties) = preSolution
		HideSolutionNode = FALSE
	EndGlobalSection
	GlobalSection(ExtensibilityGlobals) = postSolution
		SolutionGuid = {4D58AFF5-FF98-4FB2-9DE4-ECDB58BCC0E3}
	EndGlobalSection
EndGlobal
